
Microsoft Visual Studio Solution File, Format Version 12.00
# Visual Studio Version 17
VisualStudioVersion = 17.6.33829.357
MinimumVisualStudioVersion = 10.0.40219.1
Project("{FAE04EC0-301F-11D3-BF4B-00C04F79EFBC}") = "Generics", "Generics\Generics.csproj", "{CA5F56FF-B74D-4C85-80D6-D62E0DAE109B}"
EndProject
Global
	GlobalSection(SolutionConfigurationPlatforms) = preSolution
		Debug|Any CPU = Debug|Any CPU
		Release|Any CPU = Release|Any CPU
	EndGlobalSection
	GlobalSection(ProjectConfigurationPlatforms) = postSolution
		{CA5F56FF-B74D-4C85-80D6-D62E0DAE109B}.Debug|Any CPU.ActiveCfg = Debug|Any CPU
		{CA5F56FF-B74D-4C85-80D6-D62E0DAE109B}.Debug|Any CPU.Build.0 = Debug|Any CPU
		{CA5F56FF-B74D-4C85-80D6-D62E0DAE109B}.Release|Any CPU.ActiveCfg = Release|Any CPU
		{CA5F56FF-B74D-4C85-80D6-D62E0DAE109B}.Release|Any CPU.Build.0 = Release|Any CPU
	EndGlobalSection
	GlobalSection(SolutionProperties) = preSolution
		HideSolutionNode = FALSE
	EndGlobalSection
	GlobalSection(ExtensibilityGlobals) = postSolution
		SolutionGuid = {A70BD369-6A47-4605-A296-34E07153C350}
	EndGlobalSection
EndGlobal
