
Microsoft Visual Studio Solution File, Format Version 12.00
# Visual Studio Version 17
VisualStudioVersion = 17.6.33829.357
MinimumVisualStudioVersion = 10.0.40219.1
Project("{9A19103F-16F7-4668-BE54-9A1E7A4F7556}") = "GenericsProject", "GenericsProject\GenericsProject.csproj", "{BB9E91A9-5D17-493E-986B-610265BE633E}"
EndProject
Project("{FAE04EC0-301F-11D3-BF4B-00C04F79EFBC}") = "GenericsCollections", "GenericsCollections\GenericsCollections.csproj", "{763F6FA9-0EFC-4F6F-8208-2389EEA2C36E}"
EndProject
Global
	GlobalSection(SolutionConfigurationPlatforms) = preSolution
		Debug|Any CPU = Debug|Any CPU
		Release|Any CPU = Release|Any CPU
	EndGlobalSection
	GlobalSection(ProjectConfigurationPlatforms) = postSolution
		{BB9E91A9-5D17-493E-986B-610265BE633E}.Debug|Any CPU.ActiveCfg = Debug|Any CPU
		{BB9E91A9-5D17-493E-986B-610265BE633E}.Debug|Any CPU.Build.0 = Debug|Any CPU
		{BB9E91A9-5D17-493E-986B-610265BE633E}.Release|Any CPU.ActiveCfg = Release|Any CPU
		{BB9E91A9-5D17-493E-986B-610265BE633E}.Release|Any CPU.Build.0 = Release|Any CPU
		{763F6FA9-0EFC-4F6F-8208-2389EEA2C36E}.Debug|Any CPU.ActiveCfg = Debug|Any CPU
		{763F6FA9-0EFC-4F6F-8208-2389EEA2C36E}.Debug|Any CPU.Build.0 = Debug|Any CPU
		{763F6FA9-0EFC-4F6F-8208-2389EEA2C36E}.Release|Any CPU.ActiveCfg = Release|Any CPU
		{763F6FA9-0EFC-4F6F-8208-2389EEA2C36E}.Release|Any CPU.Build.0 = Release|Any CPU
	EndGlobalSection
	GlobalSection(SolutionProperties) = preSolution
		HideSolutionNode = FALSE
	EndGlobalSection
	GlobalSection(ExtensibilityGlobals) = postSolution
		SolutionGuid = {B65A69AD-A0FB-4642-B6BF-A23CE1C44920}
	EndGlobalSection
EndGlobal
