
Microsoft Visual Studio Solution File, Format Version 12.00
# Visual Studio Version 16
VisualStudioVersion = 25.0.1706.0
MinimumVisualStudioVersion = 10.0.40219.1
Project("{FAE04EC0-301F-11D3-BF4B-00C04F79EFBC}") = "Linq", "Linq\Linq.csproj", "{07D68E9D-DAE7-4F2D-8F60-014A0B1DE80D}"
EndProject
Project("{FAE04EC0-301F-11D3-BF4B-00C04F79EFBC}") = "YieldReturnExample", "YieldReturnExample\YieldReturnExample.csproj", "{72DE4181-B475-4FFD-AC52-02E082BC8268}"
EndProject
Project("{FAE04EC0-301F-11D3-BF4B-00C04F79EFBC}") = "LinqOperators", "LinqOperators\LinqOperators.csproj", "{3A4150CF-2FE3-4BD1-A4DC-C0A16269CE5D}"
EndProject
Global
	GlobalSection(SolutionConfigurationPlatforms) = preSolution
		Debug|Any CPU = Debug|Any CPU
		Release|Any CPU = Release|Any CPU
	EndGlobalSection
	GlobalSection(ProjectConfigurationPlatforms) = postSolution
		{07D68E9D-DAE7-4F2D-8F60-014A0B1DE80D}.Debug|Any CPU.ActiveCfg = Debug|Any CPU
		{07D68E9D-DAE7-4F2D-8F60-014A0B1DE80D}.Debug|Any CPU.Build.0 = Debug|Any CPU
		{07D68E9D-DAE7-4F2D-8F60-014A0B1DE80D}.Release|Any CPU.ActiveCfg = Release|Any CPU
		{07D68E9D-DAE7-4F2D-8F60-014A0B1DE80D}.Release|Any CPU.Build.0 = Release|Any CPU
		{72DE4181-B475-4FFD-AC52-02E082BC8268}.Debug|Any CPU.ActiveCfg = Debug|Any CPU
		{72DE4181-B475-4FFD-AC52-02E082BC8268}.Debug|Any CPU.Build.0 = Debug|Any CPU
		{72DE4181-B475-4FFD-AC52-02E082BC8268}.Release|Any CPU.ActiveCfg = Release|Any CPU
		{72DE4181-B475-4FFD-AC52-02E082BC8268}.Release|Any CPU.Build.0 = Release|Any CPU
		{3A4150CF-2FE3-4BD1-A4DC-C0A16269CE5D}.Debug|Any CPU.ActiveCfg = Debug|Any CPU
		{3A4150CF-2FE3-4BD1-A4DC-C0A16269CE5D}.Debug|Any CPU.Build.0 = Debug|Any CPU
		{3A4150CF-2FE3-4BD1-A4DC-C0A16269CE5D}.Release|Any CPU.ActiveCfg = Release|Any CPU
		{3A4150CF-2FE3-4BD1-A4DC-C0A16269CE5D}.Release|Any CPU.Build.0 = Release|Any CPU
	EndGlobalSection
	GlobalSection(SolutionProperties) = preSolution
		HideSolutionNode = FALSE
	EndGlobalSection
	GlobalSection(ExtensibilityGlobals) = postSolution
		SolutionGuid = {7F129390-6B02-41B5-A039-FF3A7FCF288E}
	EndGlobalSection
EndGlobal
